
Microsoft Visual Studio Solution File, Format Version 12.00
# Visual Studio Version 16
VisualStudioVersion = 16.0.30413.136
MinimumVisualStudioVersion = 10.0.40219.1
Project("{9A19103F-16F7-4668-BE54-9A1E7A4F7556}") = "WebStaticApp_Blazor", "WebStaticApp_Blazor\WebStaticApp_Blazor.csproj", "{926D3EE0-0344-4DF3-83D2-4BEA2622B3E2}"
EndProject
Project("{FAE04EC0-301F-11D3-BF4B-00C04F79EFBC}") = "Azfunc", "Azfunc\Azfunc.csproj", "{29A9BB6F-2FBA-42B4-B276-9D3581FC04D8}"
EndProject
Global
	GlobalSection(SolutionConfigurationPlatforms) = preSolution
		Debug|Any CPU = Debug|Any CPU
		Release|Any CPU = Release|Any CPU
	EndGlobalSection
	GlobalSection(ProjectConfigurationPlatforms) = postSolution
		{926D3EE0-0344-4DF3-83D2-4BEA2622B3E2}.Debug|Any CPU.ActiveCfg = Debug|Any CPU
		{926D3EE0-0344-4DF3-83D2-4BEA2622B3E2}.Debug|Any CPU.Build.0 = Debug|Any CPU
		{926D3EE0-0344-4DF3-83D2-4BEA2622B3E2}.Release|Any CPU.ActiveCfg = Release|Any CPU
		{926D3EE0-0344-4DF3-83D2-4BEA2622B3E2}.Release|Any CPU.Build.0 = Release|Any CPU
		{29A9BB6F-2FBA-42B4-B276-9D3581FC04D8}.Debug|Any CPU.ActiveCfg = Debug|Any CPU
		{29A9BB6F-2FBA-42B4-B276-9D3581FC04D8}.Debug|Any CPU.Build.0 = Debug|Any CPU
		{29A9BB6F-2FBA-42B4-B276-9D3581FC04D8}.Release|Any CPU.ActiveCfg = Release|Any CPU
		{29A9BB6F-2FBA-42B4-B276-9D3581FC04D8}.Release|Any CPU.Build.0 = Release|Any CPU
	EndGlobalSection
	GlobalSection(SolutionProperties) = preSolution
		HideSolutionNode = FALSE
	EndGlobalSection
	GlobalSection(ExtensibilityGlobals) = postSolution
		SolutionGuid = {AF21BF27-E997-428F-B7F1-167AC6D6D4D4}
	EndGlobalSection
EndGlobal
